
Microsoft Visual Studio Solution File, Format Version 12.00
# Visual Studio Version 16
VisualStudioVersion = 16.0.29613.14
MinimumVisualStudioVersion = 10.0.40219.1
Project("{FAE04EC0-301F-11D3-BF4B-00C04F79EFBC}") = "Focus", "Focus\Focus.csproj", "{F08603B4-8FCA-4799-96FA-52B95CA42B75}"
EndProject
Global
	GlobalSection(SolutionConfigurationPlatforms) = preSolution
		Debug|Any CPU = Debug|Any CPU
		Release|Any CPU = Release|Any CPU
	EndGlobalSection
	GlobalSection(ProjectConfigurationPlatforms) = postSolution
		{F08603B4-8FCA-4799-96FA-52B95CA42B75}.Debug|Any CPU.ActiveCfg = Debug|Any CPU
		{F08603B4-8FCA-4799-96FA-52B95CA42B75}.Debug|Any CPU.Build.0 = Debug|Any CPU
		{F08603B4-8FCA-4799-96FA-52B95CA42B75}.Release|Any CPU.ActiveCfg = Release|Any CPU
		{F08603B4-8FCA-4799-96FA-52B95CA42B75}.Release|Any CPU.Build.0 = Release|Any CPU
	EndGlobalSection
	GlobalSection(SolutionProperties) = preSolution
		HideSolutionNode = FALSE
	EndGlobalSection
	GlobalSection(ExtensibilityGlobals) = postSolution
		SolutionGuid = {E61B3F16-A967-426C-B4BA-4191AEA0E737}
	EndGlobalSection
EndGlobal
